
Microsoft Visual Studio Solution File, Format Version 12.00
# Visual Studio 15
Project("{FAE04EC0-301F-11D3-BF4B-00C04F79EFBC}") = "Assembly-CSharp-firstpass", "Assembly-CSharp-firstpass.csproj", "{56559B00-3E6D-8B43-5EB2-F7CD7B14EDA1}"
EndProject
Project("{FAE04EC0-301F-11D3-BF4B-00C04F79EFBC}") = "Assembly-CSharp", "Assembly-CSharp.csproj", "{51539D7F-8687-9F3D-FDD8-248EAD6C4DE7}"
EndProject
Global
	GlobalSection(SolutionConfigurationPlatforms) = preSolution
		Debug|Any CPU = Debug|Any CPU
		Release|Any CPU = Release|Any CPU
	EndGlobalSection
	GlobalSection(ProjectConfigurationPlatforms) = postSolution
		{56559B00-3E6D-8B43-5EB2-F7CD7B14EDA1}.Debug|Any CPU.ActiveCfg = Debug|Any CPU
		{56559B00-3E6D-8B43-5EB2-F7CD7B14EDA1}.Debug|Any CPU.Build.0 = Debug|Any CPU
		{56559B00-3E6D-8B43-5EB2-F7CD7B14EDA1}.Release|Any CPU.ActiveCfg = Release|Any CPU
		{56559B00-3E6D-8B43-5EB2-F7CD7B14EDA1}.Release|Any CPU.Build.0 = Release|Any CPU
		{51539D7F-8687-9F3D-FDD8-248EAD6C4DE7}.Debug|Any CPU.ActiveCfg = Debug|Any CPU
		{51539D7F-8687-9F3D-FDD8-248EAD6C4DE7}.Debug|Any CPU.Build.0 = Debug|Any CPU
		{51539D7F-8687-9F3D-FDD8-248EAD6C4DE7}.Release|Any CPU.ActiveCfg = Release|Any CPU
		{51539D7F-8687-9F3D-FDD8-248EAD6C4DE7}.Release|Any CPU.Build.0 = Release|Any CPU
	EndGlobalSection
	GlobalSection(SolutionProperties) = preSolution
		HideSolutionNode = FALSE
	EndGlobalSection
EndGlobal
