
Microsoft Visual Studio Solution File, Format Version 12.00
# Visual Studio 15
Project("{FAE04EC0-301F-11D3-BF4B-00C04F79EFBC}") = "Assembly-CSharp", "Assembly-CSharp.csproj", "{51539D7F-8687-9F3D-FDD8-248EAD6C4DE7}"
EndProject
Project("{FAE04EC0-301F-11D3-BF4B-00C04F79EFBC}") = "Assembly-CSharp-firstpass", "Assembly-CSharp-firstpass.csproj", "{56559B00-3E6D-8B43-5EB2-F7CD7B14EDA1}"
EndProject
Project("{FAE04EC0-301F-11D3-BF4B-00C04F79EFBC}") = "NavMeshComponents", "NavMeshComponents.csproj", "{99434314-C1F8-2479-474C-6D08A2762BCF}"
EndProject
Project("{FAE04EC0-301F-11D3-BF4B-00C04F79EFBC}") = "Assembly-CSharp-Editor", "Assembly-CSharp-Editor.csproj", "{8608A4A9-B05E-C8B9-576F-100021ED3F93}"
EndProject
Project("{FAE04EC0-301F-11D3-BF4B-00C04F79EFBC}") = "NavMeshComponentsEditor", "NavMeshComponentsEditor.csproj", "{8C86D0CC-894A-9118-56D1-785B5C12D241}"
EndProject
Global
	GlobalSection(SolutionConfigurationPlatforms) = preSolution
		Debug|Any CPU = Debug|Any CPU
		Release|Any CPU = Release|Any CPU
	EndGlobalSection
	GlobalSection(ProjectConfigurationPlatforms) = postSolution
		{51539D7F-8687-9F3D-FDD8-248EAD6C4DE7}.Debug|Any CPU.ActiveCfg = Debug|Any CPU
		{51539D7F-8687-9F3D-FDD8-248EAD6C4DE7}.Debug|Any CPU.Build.0 = Debug|Any CPU
		{51539D7F-8687-9F3D-FDD8-248EAD6C4DE7}.Release|Any CPU.ActiveCfg = Release|Any CPU
		{51539D7F-8687-9F3D-FDD8-248EAD6C4DE7}.Release|Any CPU.Build.0 = Release|Any CPU
		{56559B00-3E6D-8B43-5EB2-F7CD7B14EDA1}.Debug|Any CPU.ActiveCfg = Debug|Any CPU
		{56559B00-3E6D-8B43-5EB2-F7CD7B14EDA1}.Debug|Any CPU.Build.0 = Debug|Any CPU
		{56559B00-3E6D-8B43-5EB2-F7CD7B14EDA1}.Release|Any CPU.ActiveCfg = Release|Any CPU
		{56559B00-3E6D-8B43-5EB2-F7CD7B14EDA1}.Release|Any CPU.Build.0 = Release|Any CPU
		{99434314-C1F8-2479-474C-6D08A2762BCF}.Debug|Any CPU.ActiveCfg = Debug|Any CPU
		{99434314-C1F8-2479-474C-6D08A2762BCF}.Debug|Any CPU.Build.0 = Debug|Any CPU
		{99434314-C1F8-2479-474C-6D08A2762BCF}.Release|Any CPU.ActiveCfg = Release|Any CPU
		{99434314-C1F8-2479-474C-6D08A2762BCF}.Release|Any CPU.Build.0 = Release|Any CPU
		{8608A4A9-B05E-C8B9-576F-100021ED3F93}.Debug|Any CPU.ActiveCfg = Debug|Any CPU
		{8608A4A9-B05E-C8B9-576F-100021ED3F93}.Debug|Any CPU.Build.0 = Debug|Any CPU
		{8608A4A9-B05E-C8B9-576F-100021ED3F93}.Release|Any CPU.ActiveCfg = Release|Any CPU
		{8608A4A9-B05E-C8B9-576F-100021ED3F93}.Release|Any CPU.Build.0 = Release|Any CPU
		{8C86D0CC-894A-9118-56D1-785B5C12D241}.Debug|Any CPU.ActiveCfg = Debug|Any CPU
		{8C86D0CC-894A-9118-56D1-785B5C12D241}.Debug|Any CPU.Build.0 = Debug|Any CPU
		{8C86D0CC-894A-9118-56D1-785B5C12D241}.Release|Any CPU.ActiveCfg = Release|Any CPU
		{8C86D0CC-894A-9118-56D1-785B5C12D241}.Release|Any CPU.Build.0 = Release|Any CPU
	EndGlobalSection
	GlobalSection(SolutionProperties) = preSolution
		HideSolutionNode = FALSE
	EndGlobalSection
EndGlobal
